
Microsoft Visual Studio Solution File, Format Version 12.00
# Visual Studio Version 17
VisualStudioVersion = 17.2.32526.322
MinimumVisualStudioVersion = 10.0.40219.1
Project("{FAE04EC0-301F-11D3-BF4B-00C04F79EFBC}") = "MoviesApi", "MoviesApi\MoviesApi.csproj", "{238E44C5-0D3A-4C55-9FE8-C546F393B868}"
EndProject
Global
	GlobalSection(SolutionConfigurationPlatforms) = preSolution
		Debug|Any CPU = Debug|Any CPU
		Release|Any CPU = Release|Any CPU
	EndGlobalSection
	GlobalSection(ProjectConfigurationPlatforms) = postSolution
		{238E44C5-0D3A-4C55-9FE8-C546F393B868}.Debug|Any CPU.ActiveCfg = Debug|Any CPU
		{238E44C5-0D3A-4C55-9FE8-C546F393B868}.Debug|Any CPU.Build.0 = Debug|Any CPU
		{238E44C5-0D3A-4C55-9FE8-C546F393B868}.Release|Any CPU.ActiveCfg = Release|Any CPU
		{238E44C5-0D3A-4C55-9FE8-C546F393B868}.Release|Any CPU.Build.0 = Release|Any CPU
	EndGlobalSection
	GlobalSection(SolutionProperties) = preSolution
		HideSolutionNode = FALSE
	EndGlobalSection
	GlobalSection(ExtensibilityGlobals) = postSolution
		SolutionGuid = {A1485E3C-EDB0-4723-9572-B6B6CBF03D8F}
	EndGlobalSection
EndGlobal
